
Microsoft Visual Studio Solution File, Format Version 12.00
# Visual Studio Version 17
VisualStudioVersion = 17.14.36623.8
MinimumVisualStudioVersion = 10.0.40219.1
Project("{FAE04EC0-301F-11D3-BF4B-00C04F79EFBC}") = "ReserHotel", "ReserHotel\ReserHotel.csproj", "{9E331E05-7F09-417F-BA71-26FAA426F11D}"
EndProject
Project("{FAE04EC0-301F-11D3-BF4B-00C04F79EFBC}") = "HotelSystem.Domain", "HotelSystem.Domain\HotelSystem.Domain.csproj", "{DAC14911-CA2D-4856-B0B6-A6A58F8CE491}"
EndProject
Project("{FAE04EC0-301F-11D3-BF4B-00C04F79EFBC}") = "HotelSystem.Infrastructure", "HotelSystem.Infrastructure\HotelSystem.Infrastructure.csproj", "{9A010D07-0A3A-4F09-B3C2-585653569CE7}"
EndProject
Global
	GlobalSection(SolutionConfigurationPlatforms) = preSolution
		Debug|Any CPU = Debug|Any CPU
		Debug|x64 = Debug|x64
		Debug|x86 = Debug|x86
		Release|Any CPU = Release|Any CPU
		Release|x64 = Release|x64
		Release|x86 = Release|x86
	EndGlobalSection
	GlobalSection(ProjectConfigurationPlatforms) = postSolution
		{9E331E05-7F09-417F-BA71-26FAA426F11D}.Debug|Any CPU.ActiveCfg = Debug|Any CPU
		{9E331E05-7F09-417F-BA71-26FAA426F11D}.Debug|Any CPU.Build.0 = Debug|Any CPU
		{9E331E05-7F09-417F-BA71-26FAA426F11D}.Debug|x64.ActiveCfg = Debug|Any CPU
		{9E331E05-7F09-417F-BA71-26FAA426F11D}.Debug|x64.Build.0 = Debug|Any CPU
		{9E331E05-7F09-417F-BA71-26FAA426F11D}.Debug|x86.ActiveCfg = Debug|Any CPU
		{9E331E05-7F09-417F-BA71-26FAA426F11D}.Debug|x86.Build.0 = Debug|Any CPU
		{9E331E05-7F09-417F-BA71-26FAA426F11D}.Release|Any CPU.ActiveCfg = Release|Any CPU
		{9E331E05-7F09-417F-BA71-26FAA426F11D}.Release|Any CPU.Build.0 = Release|Any CPU
		{9E331E05-7F09-417F-BA71-26FAA426F11D}.Release|x64.ActiveCfg = Release|Any CPU
		{9E331E05-7F09-417F-BA71-26FAA426F11D}.Release|x64.Build.0 = Release|Any CPU
		{9E331E05-7F09-417F-BA71-26FAA426F11D}.Release|x86.ActiveCfg = Release|Any CPU
		{9E331E05-7F09-417F-BA71-26FAA426F11D}.Release|x86.Build.0 = Release|Any CPU
		{DAC14911-CA2D-4856-B0B6-A6A58F8CE491}.Debug|Any CPU.ActiveCfg = Debug|Any CPU
		{DAC14911-CA2D-4856-B0B6-A6A58F8CE491}.Debug|Any CPU.Build.0 = Debug|Any CPU
		{DAC14911-CA2D-4856-B0B6-A6A58F8CE491}.Debug|x64.ActiveCfg = Debug|Any CPU
		{DAC14911-CA2D-4856-B0B6-A6A58F8CE491}.Debug|x64.Build.0 = Debug|Any CPU
		{DAC14911-CA2D-4856-B0B6-A6A58F8CE491}.Debug|x86.ActiveCfg = Debug|Any CPU
		{DAC14911-CA2D-4856-B0B6-A6A58F8CE491}.Debug|x86.Build.0 = Debug|Any CPU
		{DAC14911-CA2D-4856-B0B6-A6A58F8CE491}.Release|Any CPU.ActiveCfg = Release|Any CPU
		{DAC14911-CA2D-4856-B0B6-A6A58F8CE491}.Release|Any CPU.Build.0 = Release|Any CPU
		{DAC14911-CA2D-4856-B0B6-A6A58F8CE491}.Release|x64.ActiveCfg = Release|Any CPU
		{DAC14911-CA2D-4856-B0B6-A6A58F8CE491}.Release|x64.Build.0 = Release|Any CPU
		{DAC14911-CA2D-4856-B0B6-A6A58F8CE491}.Release|x86.ActiveCfg = Release|Any CPU
		{DAC14911-CA2D-4856-B0B6-A6A58F8CE491}.Release|x86.Build.0 = Release|Any CPU
		{9A010D07-0A3A-4F09-B3C2-585653569CE7}.Debug|Any CPU.ActiveCfg = Debug|Any CPU
		{9A010D07-0A3A-4F09-B3C2-585653569CE7}.Debug|Any CPU.Build.0 = Debug|Any CPU
		{9A010D07-0A3A-4F09-B3C2-585653569CE7}.Debug|x64.ActiveCfg = Debug|Any CPU
		{9A010D07-0A3A-4F09-B3C2-585653569CE7}.Debug|x64.Build.0 = Debug|Any CPU
		{9A010D07-0A3A-4F09-B3C2-585653569CE7}.Debug|x86.ActiveCfg = Debug|Any CPU
		{9A010D07-0A3A-4F09-B3C2-585653569CE7}.Debug|x86.Build.0 = Debug|Any CPU
		{9A010D07-0A3A-4F09-B3C2-585653569CE7}.Release|Any CPU.ActiveCfg = Release|Any CPU
		{9A010D07-0A3A-4F09-B3C2-585653569CE7}.Release|Any CPU.Build.0 = Release|Any CPU
		{9A010D07-0A3A-4F09-B3C2-585653569CE7}.Release|x64.ActiveCfg = Release|Any CPU
		{9A010D07-0A3A-4F09-B3C2-585653569CE7}.Release|x64.Build.0 = Release|Any CPU
		{9A010D07-0A3A-4F09-B3C2-585653569CE7}.Release|x86.ActiveCfg = Release|Any CPU
		{9A010D07-0A3A-4F09-B3C2-585653569CE7}.Release|x86.Build.0 = Release|Any CPU
	EndGlobalSection
	GlobalSection(SolutionProperties) = preSolution
		HideSolutionNode = FALSE
	EndGlobalSection
	GlobalSection(ExtensibilityGlobals) = postSolution
		SolutionGuid = {22BD956C-1CCF-4711-8C26-5AA1814B53B0}
	EndGlobalSection
EndGlobal
